// !$*UTF8*$!
{
	archiveVersion = 1;
	classes = {
	};
	objectVersion = 46;
	objects = {

/* Begin PBXBuildFile section */
		071FECA21C6F271E000B0280 /* TweetTableViewCell.swift in Sources */ = {isa = PBXBuildFile; fileRef = 071FECA11C6F271E000B0280 /* TweetTableViewCell.swift */; };
		074ED82B1C6C34DE00362E80 /* AppDelegate.swift in Sources */ = {isa = PBXBuildFile; fileRef = 074ED82A1C6C34DE00362E80 /* AppDelegate.swift */; };
		074ED82D1C6C34DE00362E80 /* ViewController.swift in Sources */ = {isa = PBXBuildFile; fileRef = 074ED82C1C6C34DE00362E80 /* ViewController.swift */; };
		074ED8301C6C34DE00362E80 /* Main.storyboard in Resources */ = {isa = PBXBuildFile; fileRef = 074ED82E1C6C34DE00362E80 /* Main.storyboard */; };
		074ED8321C6C34DE00362E80 /* Assets.xcassets in Resources */ = {isa = PBXBuildFile; fileRef = 074ED8311C6C34DE00362E80 /* Assets.xcassets */; };
		074ED8351C6C34DE00362E80 /* LaunchScreen.storyboard in Resources */ = {isa = PBXBuildFile; fileRef = 074ED8331C6C34DE00362E80 /* LaunchScreen.storyboard */; };
		0765E01F1C6E77520076C120 /* User.swift in Sources */ = {isa = PBXBuildFile; fileRef = 0765E01E1C6E77520076C120 /* User.swift */; };
		0765E0211C6E77A00076C120 /* Tweet.swift in Sources */ = {isa = PBXBuildFile; fileRef = 0765E0201C6E77A00076C120 /* Tweet.swift */; };
		0765E0241C6EDF3E0076C120 /* TweetsViewController.swift in Sources */ = {isa = PBXBuildFile; fileRef = 0765E0231C6EDF3E0076C120 /* TweetsViewController.swift */; };
		07EF441A1C6C36C600B49D46 /* TwitterClient.swift in Sources */ = {isa = PBXBuildFile; fileRef = 07EF44191C6C36C600B49D46 /* TwitterClient.swift */; };
		7EBCEBD72CD7A8F83E738991 /* Pods.framework in Frameworks */ = {isa = PBXBuildFile; fileRef = 6DF3C8816DED7C985DF68959 /* Pods.framework */; };
/* End PBXBuildFile section */

/* Begin PBXFileReference section */
		071FECA11C6F271E000B0280 /* TweetTableViewCell.swift */ = {isa = PBXFileReference; fileEncoding = 4; lastKnownFileType = sourcecode.swift; path = TweetTableViewCell.swift; sourceTree = "<group>"; };
		074ED8271C6C34DE00362E80 /* Twitter.app */ = {isa = PBXFileReference; explicitFileType = wrapper.application; includeInIndex = 0; path = Twitter.app; sourceTree = BUILT_PRODUCTS_DIR; };
		074ED82A1C6C34DE00362E80 /* AppDelegate.swift */ = {isa = PBXFileReference; lastKnownFileType = sourcecode.swift; path = AppDelegate.swift; sourceTree = "<group>"; };
		074ED82C1C6C34DE00362E80 /* ViewController.swift */ = {isa = PBXFileReference; lastKnownFileType = sourcecode.swift; path = ViewController.swift; sourceTree = "<group>"; };
		074ED82F1C6C34DE00362E80 /* Base */ = {isa = PBXFileReference; lastKnownFileType = file.storyboard; name = Base; path = Base.lproj/Main.storyboard; sourceTree = "<group>"; };
		074ED8311C6C34DE00362E80 /* Assets.xcassets */ = {isa = PBXFileReference; lastKnownFileType = folder.assetcatalog; path = Assets.xcassets; sourceTree = "<group>"; };
		074ED8341C6C34DE00362E80 /* Base */ = {isa = PBXFileReference; lastKnownFileType = file.storyboard; name = Base; path = Base.lproj/LaunchScreen.storyboard; sourceTree = "<group>"; };
		074ED8361C6C34DE00362E80 /* Info.plist */ = {isa = PBXFileReference; lastKnownFileType = text.plist.xml; path = Info.plist; sourceTree = "<group>"; };
		0765E01E1C6E77520076C120 /* User.swift */ = {isa = PBXFileReference; fileEncoding = 4; lastKnownFileType = sourcecode.swift; path = User.swift; sourceTree = "<group>"; };
		0765E0201C6E77A00076C120 /* Tweet.swift */ = {isa = PBXFileReference; fileEncoding = 4; lastKnownFileType = sourcecode.swift; path = Tweet.swift; sourceTree = "<group>"; };
		0765E0231C6EDF3E0076C120 /* TweetsViewController.swift */ = {isa = PBXFileReference; fileEncoding = 4; lastKnownFileType = sourcecode.swift; path = TweetsViewController.swift; sourceTree = "<group>"; };
		07EF44191C6C36C600B49D46 /* TwitterClient.swift */ = {isa = PBXFileReference; fileEncoding = 4; lastKnownFileType = sourcecode.swift; path = TwitterClient.swift; sourceTree = "<group>"; };
		15B801D98357F016E91473DB /* Pods.release.xcconfig */ = {isa = PBXFileReference; includeInIndex = 1; lastKnownFileType = text.xcconfig; name = Pods.release.xcconfig; path = "Pods/Target Support Files/Pods/Pods.release.xcconfig"; sourceTree = "<group>"; };
		42D77BC0C652155B772CDE07 /* Pods.debug.xcconfig */ = {isa = PBXFileReference; includeInIndex = 1; lastKnownFileType = text.xcconfig; name = Pods.debug.xcconfig; path = "Pods/Target Support Files/Pods/Pods.debug.xcconfig"; sourceTree = "<group>"; };
		6DF3C8816DED7C985DF68959 /* Pods.framework */ = {isa = PBXFileReference; explicitFileType = wrapper.framework; includeInIndex = 0; path = Pods.framework; sourceTree = BUILT_PRODUCTS_DIR; };
/* End PBXFileReference section */

/* Begin PBXFrameworksBuildPhase section */
		074ED8241C6C34DE00362E80 /* Frameworks */ = {
			isa = PBXFrameworksBuildPhase;
			buildActionMask = 2147483647;
			files = (
				7EBCEBD72CD7A8F83E738991 /* Pods.framework in Frameworks */,
			);
			runOnlyForDeploymentPostprocessing = 0;
		};
/* End PBXFrameworksBuildPhase section */

/* Begin PBXGroup section */
		074ED81E1C6C34DE00362E80 = {
			isa = PBXGroup;
			children = (
				074ED8291C6C34DE00362E80 /* Twitter */,
				074ED8281C6C34DE00362E80 /* Products */,
				5072817189E00992CAB216C2 /* Pods */,
				0E98BDBE386200CA08C1014F /* Frameworks */,
			);
			sourceTree = "<group>";
		};
		074ED8281C6C34DE00362E80 /* Products */ = {
			isa = PBXGroup;
			children = (
				074ED8271C6C34DE00362E80 /* Twitter.app */,
			);
			name = Products;
			sourceTree = "<group>";
		};
		074ED8291C6C34DE00362E80 /* Twitter */ = {
			isa = PBXGroup;
			children = (
				0765E0221C6EDF1B0076C120 /* ViewConrollers */,
				0765E01D1C6E76C90076C120 /* Models */,
				07EF44181C6C367300B49D46 /* API */,
				074ED82A1C6C34DE00362E80 /* AppDelegate.swift */,
				074ED82E1C6C34DE00362E80 /* Main.storyboard */,
				074ED8311C6C34DE00362E80 /* Assets.xcassets */,
				074ED8331C6C34DE00362E80 /* LaunchScreen.storyboard */,
				074ED8361C6C34DE00362E80 /* Info.plist */,
				071FECA11C6F271E000B0280 /* TweetTableViewCell.swift */,
			);
			name = Twitter;
			path = TweeterClient;
			sourceTree = "<group>";
		};
		0765E01D1C6E76C90076C120 /* Models */ = {
			isa = PBXGroup;
			children = (
				0765E01E1C6E77520076C120 /* User.swift */,
				0765E0201C6E77A00076C120 /* Tweet.swift */,
			);
			name = Models;
			sourceTree = "<group>";
		};
		0765E0221C6EDF1B0076C120 /* ViewConrollers */ = {
			isa = PBXGroup;
			children = (
				074ED82C1C6C34DE00362E80 /* ViewController.swift */,
				0765E0231C6EDF3E0076C120 /* TweetsViewController.swift */,
			);
			name = ViewConrollers;
			sourceTree = "<group>";
		};
		07EF44181C6C367300B49D46 /* API */ = {
			isa = PBXGroup;
			children = (
				07EF44191C6C36C600B49D46 /* TwitterClient.swift */,
			);
			name = API;
			sourceTree = "<group>";
		};
		0E98BDBE386200CA08C1014F /* Frameworks */ = {
			isa = PBXGroup;
			children = (
				6DF3C8816DED7C985DF68959 /* Pods.framework */,
			);
			name = Frameworks;
			sourceTree = "<group>";
		};
		5072817189E00992CAB216C2 /* Pods */ = {
			isa = PBXGroup;
			children = (
				42D77BC0C652155B772CDE07 /* Pods.debug.xcconfig */,
				15B801D98357F016E91473DB /* Pods.release.xcconfig */,
			);
			name = Pods;
			sourceTree = "<group>";
		};
/* End PBXGroup section */

/* Begin PBXNativeTarget section */
		074ED8261C6C34DE00362E80 /* Twitter */ = {
			isa = PBXNativeTarget;
			buildConfigurationList = 074ED8391C6C34DE00362E80 /* Build configuration list for PBXNativeTarget "Twitter" */;
			buildPhases = (
				65FD9DB1BEC82E7BDA8E9D2F /* Check Pods Manifest.lock */,
				074ED8231C6C34DE00362E80 /* Sources */,
				074ED8241C6C34DE00362E80 /* Frameworks */,
				074ED8251C6C34DE00362E80 /* Resources */,
				1E50289BB2C28E0B81EF37C7 /* Embed Pods Frameworks */,
				D5307E721AD64DAA21EE56B5 /* Copy Pods Resources */,
			);
			buildRules = (
			);
			dependencies = (
			);
			name = Twitter;
			productName = TweeterClient;
			productReference = 074ED8271C6C34DE00362E80 /* Twitter.app */;
			productType = "com.apple.product-type.application";
		};
/* End PBXNativeTarget section */

/* Begin PBXProject section */
		074ED81F1C6C34DE00362E80 /* Project object */ = {
			isa = PBXProject;
			attributes = {
				KnownAssetTags = (
					favButton,
				);
				LastSwiftUpdateCheck = 0720;
				LastUpgradeCheck = 0720;
				ORGANIZATIONNAME = aptification;
				TargetAttributes = {
					074ED8261C6C34DE00362E80 = {
						CreatedOnToolsVersion = 7.2;
					};
				};
			};
			buildConfigurationList = 074ED8221C6C34DE00362E80 /* Build configuration list for PBXProject "Twitter" */;
			compatibilityVersion = "Xcode 3.2";
			developmentRegion = English;
			hasScannedForEncodings = 0;
			knownRegions = (
				en,
				Base,
			);
			mainGroup = 074ED81E1C6C34DE00362E80;
			productRefGroup = 074ED8281C6C34DE00362E80 /* Products */;
			projectDirPath = "";
			projectRoot = "";
			targets = (
				074ED8261C6C34DE00362E80 /* Twitter */,
			);
		};
/* End PBXProject section */

/* Begin PBXResourcesBuildPhase section */
		074ED8251C6C34DE00362E80 /* Resources */ = {
			isa = PBXResourcesBuildPhase;
			buildActionMask = 2147483647;
			files = (
				074ED8351C6C34DE00362E80 /* LaunchScreen.storyboard in Resources */,
				074ED8321C6C34DE00362E80 /* Assets.xcassets in Resources */,
				074ED8301C6C34DE00362E80 /* Main.storyboard in Resources */,
			);
			runOnlyForDeploymentPostprocessing = 0;
		};
/* End PBXResourcesBuildPhase section */

/* Begin PBXShellScriptBuildPhase section */
		1E50289BB2C28E0B81EF37C7 /* Embed Pods Frameworks */ = {
			isa = PBXShellScriptBuildPhase;
			buildActionMask = 2147483647;
			files = (
			);
			inputPaths = (
			);
			name = "Embed Pods Frameworks";
			outputPaths = (
			);
			runOnlyForDeploymentPostprocessing = 0;
			shellPath = /bin/sh;
			shellScript = "\"${SRCROOT}/Pods/Target Support Files/Pods/Pods-frameworks.sh\"\n";
			showEnvVarsInLog = 0;
		};
		65FD9DB1BEC82E7BDA8E9D2F /* Check Pods Manifest.lock */ = {
			isa = PBXShellScriptBuildPhase;
			buildActionMask = 2147483647;
			files = (
			);
			inputPaths = (
			);
			name = "Check Pods Manifest.lock";
			outputPaths = (
			);
			runOnlyForDeploymentPostprocessing = 0;
			shellPath = /bin/sh;
			shellScript = "diff \"${PODS_ROOT}/../Podfile.lock\" \"${PODS_ROOT}/Manifest.lock\" > /dev/null\nif [[ $? != 0 ]] ; then\n    cat << EOM\nerror: The sandbox is not in sync with the Podfile.lock. Run 'pod install' or update your CocoaPods installation.\nEOM\n    exit 1\nfi\n";
			showEnvVarsInLog = 0;
		};
		D5307E721AD64DAA21EE56B5 /* Copy Pods Resources */ = {
			isa = PBXShellScriptBuildPhase;
			buildActionMask = 2147483647;
			files = (
			);
			inputPaths = (
			);
			name = "Copy Pods Resources";
			outputPaths = (
			);
			runOnlyForDeploymentPostprocessing = 0;
			shellPath = /bin/sh;
			shellScript = "\"${SRCROOT}/Pods/Target Support Files/Pods/Pods-resources.sh\"\n";
			showEnvVarsInLog = 0;
		};
/* End PBXShellScriptBuildPhase section */

/* Begin PBXSourcesBuildPhase section */
		074ED8231C6C34DE00362E80 /* Sources */ = {
			isa = PBXSourcesBuildPhase;
			buildActionMask = 2147483647;
			files = (
				0765E01F1C6E77520076C120 /* User.swift in Sources */,
				0765E0211C6E77A00076C120 /* Tweet.swift in Sources */,
				0765E0241C6EDF3E0076C120 /* TweetsViewController.swift in Sources */,
				07EF441A1C6C36C600B49D46 /* TwitterClient.swift in Sources */,
				074ED82D1C6C34DE00362E80 /* ViewController.swift in Sources */,
				074ED82B1C6C34DE00362E80 /* AppDelegate.swift in Sources */,
				071FECA21C6F271E000B0280 /* TweetTableViewCell.swift in Sources */,
			);
			runOnlyForDeploymentPostprocessing = 0;
		};
/* End PBXSourcesBuildPhase section */

/* Begin PBXVariantGroup section */
		074ED82E1C6C34DE00362E80 /* Main.storyboard */ = {
			isa = PBXVariantGroup;
			children = (
				074ED82F1C6C34DE00362E80 /* Base */,
			);
			name = Main.storyboard;
			sourceTree = "<group>";
		};
		074ED8331C6C34DE00362E80 /* LaunchScreen.storyboard */ = {
			isa = PBXVariantGroup;
			children = (
				074ED8341C6C34DE00362E80 /* Base */,
			);
			name = LaunchScreen.storyboard;
			sourceTree = "<group>";
		};
/* End PBXVariantGroup section */

/* Begin XCBuildConfiguration section */
		074ED8371C6C34DE00362E80 /* Debug */ = {
			isa = XCBuildConfiguration;
			buildSettings = {
				ALWAYS_SEARCH_USER_PATHS = NO;
				CLANG_CXX_LANGUAGE_STANDARD = "gnu++0x";
				CLANG_CXX_LIBRARY = "libc++";
				CLANG_ENABLE_MODULES = YES;
				CLANG_ENABLE_OBJC_ARC = YES;
				CLANG_WARN_BOOL_CONVERSION = YES;
				CLANG_WARN_CONSTANT_CONVERSION = YES;
				CLANG_WARN_DIRECT_OBJC_ISA_USAGE = YES_ERROR;
				CLANG_WARN_EMPTY_BODY = YES;
				CLANG_WARN_ENUM_CONVERSION = YES;
				CLANG_WARN_INT_CONVERSION = YES;
				CLANG_WARN_OBJC_ROOT_CLASS = YES_ERROR;
				CLANG_WARN_UNREACHABLE_CODE = YES;
				CLANG_WARN__DUPLICATE_METHOD_MATCH = YES;
				"CODE_SIGN_IDENTITY[sdk=iphoneos*]" = "iPhone Developer";
				COPY_PHASE_STRIP = NO;
				DEBUG_INFORMATION_FORMAT = dwarf;
				ENABLE_STRICT_OBJC_MSGSEND = YES;
				ENABLE_TESTABILITY = YES;
				GCC_C_LANGUAGE_STANDARD = gnu99;
				GCC_DYNAMIC_NO_PIC = NO;
				GCC_NO_COMMON_BLOCKS = YES;
				GCC_OPTIMIZATION_LEVEL = 0;
				GCC_PREPROCESSOR_DEFINITIONS = (
					"DEBUG=1",
					"$(inherited)",
				);
				GCC_WARN_64_TO_32_BIT_CONVERSION = YES;
				GCC_WARN_ABOUT_RETURN_TYPE = YES_ERROR;
				GCC_WARN_UNDECLARED_SELECTOR = YES;
				GCC_WARN_UNINITIALIZED_AUTOS = YES_AGGRESSIVE;
				GCC_WARN_UNUSED_FUNCTION = YES;
				GCC_WARN_UNUSED_VARIABLE = YES;
				IPHONEOS_DEPLOYMENT_TARGET = 9.2;
				MTL_ENABLE_DEBUG_INFO = YES;
				ONLY_ACTIVE_ARCH = YES;
				SDKROOT = iphoneos;
				SWIFT_OPTIMIZATION_LEVEL = "-Onone";
			};
			name = Debug;
		};
		074ED8381C6C34DE00362E80 /* Release */ = {
			isa = XCBuildConfiguration;
			buildSettings = {
				ALWAYS_SEARCH_USER_PATHS = NO;
				CLANG_CXX_LANGUAGE_STANDARD = "gnu++0x";
				CLANG_CXX_LIBRARY = "libc++";
				CLANG_ENABLE_MODULES = YES;
				CLANG_ENABLE_OBJC_ARC = YES;
				CLANG_WARN_BOOL_CONVERSION = YES;
				CLANG_WARN_CONSTANT_CONVERSION = YES;
				CLANG_WARN_DIRECT_OBJC_ISA_USAGE = YES_ERROR;
				CLANG_WARN_EMPTY_BODY = YES;
				CLANG_WARN_ENUM_CONVERSION = YES;
				CLANG_WARN_INT_CONVERSION = YES;
				CLANG_WARN_OBJC_ROOT_CLASS = YES_ERROR;
				CLANG_WARN_UNREACHABLE_CODE = YES;
				CLANG_WARN__DUPLICATE_METHOD_MATCH = YES;
				"CODE_SIGN_IDENTITY[sdk=iphoneos*]" = "iPhone Developer";
				COPY_PHASE_STRIP = NO;
				DEBUG_INFORMATION_FORMAT = "dwarf-with-dsym";
				ENABLE_NS_ASSERTIONS = NO;
				ENABLE_STRICT_OBJC_MSGSEND = YES;
				GCC_C_LANGUAGE_STANDARD = gnu99;
				GCC_NO_COMMON_BLOCKS = YES;
				GCC_WARN_64_TO_32_BIT_CONVERSION = YES;
				GCC_WARN_ABOUT_RETURN_TYPE = YES_ERROR;
				GCC_WARN_UNDECLARED_SELECTOR = YES;
				GCC_WARN_UNINITIALIZED_AUTOS = YES_AGGRESSIVE;
				GCC_WARN_UNUSED_FUNCTION = YES;
				GCC_WARN_UNUSED_VARIABLE = YES;
				IPHONEOS_DEPLOYMENT_TARGET = 9.2;
				MTL_ENABLE_DEBUG_INFO = NO;
				SDKROOT = iphoneos;
				VALIDATE_PRODUCT = YES;
			};
			name = Release;
		};
		074ED83A1C6C34DE00362E80 /* Debug */ = {
			isa = XCBuildConfiguration;
			baseConfigurationReference = 42D77BC0C652155B772CDE07 /* Pods.debug.xcconfig */;
			buildSettings = {
				ASSETCATALOG_COMPILER_APPICON_NAME = AppIcon;
				INFOPLIST_FILE = TweeterClient/Info.plist;
				LD_RUNPATH_SEARCH_PATHS = "$(inherited) @executable_path/Frameworks";
				PRODUCT_BUNDLE_IDENTIFIER = aptification.TweeterClient;
				PRODUCT_NAME = Twitter;
			};
			name = Debug;
		};
		074ED83B1C6C34DE00362E80 /* Release */ = {
			isa = XCBuildConfiguration;
			baseConfigurationReference = 15B801D98357F016E91473DB /* Pods.release.xcconfig */;
			buildSettings = {
				ASSETCATALOG_COMPILER_APPICON_NAME = AppIcon;
				INFOPLIST_FILE = TweeterClient/Info.plist;
				LD_RUNPATH_SEARCH_PATHS = "$(inherited) @executable_path/Frameworks";
				PRODUCT_BUNDLE_IDENTIFIER = aptification.TweeterClient;
				PRODUCT_NAME = Twitter;
			};
			name = Release;
		};
/* End XCBuildConfiguration section */

/* Begin XCConfigurationList section */
		074ED8221C6C34DE00362E80 /* Build configuration list for PBXProject "Twitter" */ = {
			isa = XCConfigurationList;
			buildConfigurations = (
				074ED8371C6C34DE00362E80 /* Debug */,
				074ED8381C6C34DE00362E80 /* Release */,
			);
			defaultConfigurationIsVisible = 0;
			defaultConfigurationName = Release;
		};
		074ED8391C6C34DE00362E80 /* Build configuration list for PBXNativeTarget "Twitter" */ = {
			isa = XCConfigurationList;
			buildConfigurations = (
				074ED83A1C6C34DE00362E80 /* Debug */,
				074ED83B1C6C34DE00362E80 /* Release */,
			);
			defaultConfigurationIsVisible = 0;
			defaultConfigurationName = Release;
		};
/* End XCConfigurationList section */
	};
	rootObject = 074ED81F1C6C34DE00362E80 /* Project object */;
}
